
Microsoft Visual Studio Solution File, Format Version 12.00
# Visual Studio Version 16
VisualStudioVersion = 16.0.30503.244
MinimumVisualStudioVersion = 10.0.40219.1
Project("{FAE04EC0-301F-11D3-BF4B-00C04F79EFBC}") = "TrafficRacerGame", "TrafficRacerGame\TrafficRacerGame.csproj", "{F5896655-7A80-4047-AFBB-07DE283521A6}"
EndProject
Global
	GlobalSection(SolutionConfigurationPlatforms) = preSolution
		Debug|Any CPU = Debug|Any CPU
		Release|Any CPU = Release|Any CPU
	EndGlobalSection
	GlobalSection(ProjectConfigurationPlatforms) = postSolution
		{F5896655-7A80-4047-AFBB-07DE283521A6}.Debug|Any CPU.ActiveCfg = Debug|Any CPU
		{F5896655-7A80-4047-AFBB-07DE283521A6}.Debug|Any CPU.Build.0 = Debug|Any CPU
		{F5896655-7A80-4047-AFBB-07DE283521A6}.Release|Any CPU.ActiveCfg = Release|Any CPU
		{F5896655-7A80-4047-AFBB-07DE283521A6}.Release|Any CPU.Build.0 = Release|Any CPU
	EndGlobalSection
	GlobalSection(SolutionProperties) = preSolution
		HideSolutionNode = FALSE
	EndGlobalSection
	GlobalSection(ExtensibilityGlobals) = postSolution
		SolutionGuid = {F4EA8EFD-25A1-4509-9F34-6528AC6805E7}
	EndGlobalSection
EndGlobal
